
Microsoft Visual Studio Solution File, Format Version 12.00
# Visual Studio Version 17
VisualStudioVersion = 17.12.35707.178 d17.12
MinimumVisualStudioVersion = 10.0.40219.1
Project("{FAE04EC0-301F-11D3-BF4B-00C04F79EFBC}") = "FCR.Web", "FCR.Web\FCR.Web.csproj", "{DC7A425A-ED4F-41A1-9D1D-F63E4189E3E7}"
EndProject
Project("{FAE04EC0-301F-11D3-BF4B-00C04F79EFBC}") = "FCR.Dal", "FCR.Dal\FCR.Dal.csproj", "{030B68DE-BECB-44B1-9BEF-CE9CA50E1D4F}"
EndProject
Global
	GlobalSection(SolutionConfigurationPlatforms) = preSolution
		Debug|Any CPU = Debug|Any CPU
		Release|Any CPU = Release|Any CPU
	EndGlobalSection
	GlobalSection(ProjectConfigurationPlatforms) = postSolution
		{DC7A425A-ED4F-41A1-9D1D-F63E4189E3E7}.Debug|Any CPU.ActiveCfg = Debug|Any CPU
		{DC7A425A-ED4F-41A1-9D1D-F63E4189E3E7}.Debug|Any CPU.Build.0 = Debug|Any CPU
		{DC7A425A-ED4F-41A1-9D1D-F63E4189E3E7}.Release|Any CPU.ActiveCfg = Release|Any CPU
		{DC7A425A-ED4F-41A1-9D1D-F63E4189E3E7}.Release|Any CPU.Build.0 = Release|Any CPU
		{030B68DE-BECB-44B1-9BEF-CE9CA50E1D4F}.Debug|Any CPU.ActiveCfg = Debug|Any CPU
		{030B68DE-BECB-44B1-9BEF-CE9CA50E1D4F}.Debug|Any CPU.Build.0 = Debug|Any CPU
		{030B68DE-BECB-44B1-9BEF-CE9CA50E1D4F}.Release|Any CPU.ActiveCfg = Release|Any CPU
		{030B68DE-BECB-44B1-9BEF-CE9CA50E1D4F}.Release|Any CPU.Build.0 = Release|Any CPU
	EndGlobalSection
	GlobalSection(SolutionProperties) = preSolution
		HideSolutionNode = FALSE
	EndGlobalSection
EndGlobal
